
Microsoft Visual Studio Solution File, Format Version 12.00
# Visual Studio Version 17
VisualStudioVersion = 17.10.35122.118
MinimumVisualStudioVersion = 10.0.40219.1
Project("{2150E333-8FDC-42A3-9474-1A3956D46DE8}") = "Services", "Services", "{D75F8EC9-D434-4F6C-ACE2-BCB636CC0D64}"
EndProject
Project("{2150E333-8FDC-42A3-9474-1A3956D46DE8}") = "Catalog", "Catalog", "{D90F3629-FF8C-49BE-87DD-59170A20348B}"
EndProject
Project("{9A19103F-16F7-4668-BE54-9A1E7A4F7556}") = "Catalog.API", "Services\Catalog\Catalog.API\Catalog.API.csproj", "{C6953C30-249C-4D1E-A0B7-CFBA8FAF1BD0}"
EndProject
Project("{2150E333-8FDC-42A3-9474-1A3956D46DE8}") = "BuildingBlocks", "BuildingBlocks", "{3F3700C6-AFDB-4143-B577-41A84D2F094D}"
EndProject
Project("{9A19103F-16F7-4668-BE54-9A1E7A4F7556}") = "BuildingBlocks", "BuildingBlocks\BuildingBlocks\BuildingBlocks.csproj", "{1E2D828E-DE96-4260-92CC-FE95C2E0AE81}"
EndProject
Project("{E53339B2-1760-4266-BCC7-CA923CBCF16C}") = "docker-compose", "docker-compose.dcproj", "{85C92ECA-E94F-43FB-8F43-A6803DE27434}"
EndProject
Global
	GlobalSection(SolutionConfigurationPlatforms) = preSolution
		Debug|Any CPU = Debug|Any CPU
		Release|Any CPU = Release|Any CPU
	EndGlobalSection
	GlobalSection(ProjectConfigurationPlatforms) = postSolution
		{C6953C30-249C-4D1E-A0B7-CFBA8FAF1BD0}.Debug|Any CPU.ActiveCfg = Debug|Any CPU
		{C6953C30-249C-4D1E-A0B7-CFBA8FAF1BD0}.Debug|Any CPU.Build.0 = Debug|Any CPU
		{C6953C30-249C-4D1E-A0B7-CFBA8FAF1BD0}.Release|Any CPU.ActiveCfg = Release|Any CPU
		{C6953C30-249C-4D1E-A0B7-CFBA8FAF1BD0}.Release|Any CPU.Build.0 = Release|Any CPU
		{1E2D828E-DE96-4260-92CC-FE95C2E0AE81}.Debug|Any CPU.ActiveCfg = Debug|Any CPU
		{1E2D828E-DE96-4260-92CC-FE95C2E0AE81}.Debug|Any CPU.Build.0 = Debug|Any CPU
		{1E2D828E-DE96-4260-92CC-FE95C2E0AE81}.Release|Any CPU.ActiveCfg = Release|Any CPU
		{1E2D828E-DE96-4260-92CC-FE95C2E0AE81}.Release|Any CPU.Build.0 = Release|Any CPU
		{85C92ECA-E94F-43FB-8F43-A6803DE27434}.Debug|Any CPU.ActiveCfg = Debug|Any CPU
		{85C92ECA-E94F-43FB-8F43-A6803DE27434}.Debug|Any CPU.Build.0 = Debug|Any CPU
		{85C92ECA-E94F-43FB-8F43-A6803DE27434}.Release|Any CPU.ActiveCfg = Release|Any CPU
		{85C92ECA-E94F-43FB-8F43-A6803DE27434}.Release|Any CPU.Build.0 = Release|Any CPU
	EndGlobalSection
	GlobalSection(SolutionProperties) = preSolution
		HideSolutionNode = FALSE
	EndGlobalSection
	GlobalSection(NestedProjects) = preSolution
		{D90F3629-FF8C-49BE-87DD-59170A20348B} = {D75F8EC9-D434-4F6C-ACE2-BCB636CC0D64}
		{C6953C30-249C-4D1E-A0B7-CFBA8FAF1BD0} = {D90F3629-FF8C-49BE-87DD-59170A20348B}
		{1E2D828E-DE96-4260-92CC-FE95C2E0AE81} = {3F3700C6-AFDB-4143-B577-41A84D2F094D}
	EndGlobalSection
	GlobalSection(ExtensibilityGlobals) = postSolution
		SolutionGuid = {A9F1FE5D-3F20-4E6E-A79C-49B95BF455E2}
	EndGlobalSection
EndGlobal
